{
  "name": "bitProject",
  "version": "1.0.0",
  "lockfileVersion": 3,
  "requires": true,
  "packages": {
    "": {
      "name": "bitProject",
      "version": "1.0.0",
      "license": "ISC",
      "dependencies": {
        "bencodejs": "^1.0.0",
        "bitProject": "file:"
      }
    },
    "node_modules/bencodejs": {
      "version": "1.0.0",
      "resolved": "https://registry.npmjs.org/bencodejs/-/bencodejs-1.0.0.tgz",
      "integrity": "sha512-rdU2pWQybJIUW3/xkDDYQ1e3ejviNJJj2HsuW7i+9AA0fxsI9qLd8WM9z7J5B1i4RWo8cDoYJjLQu7ynZPxk5g==",
      "license": "ISC"
    },
    "node_modules/bitProject": {
      "resolved": "",
      "link": true
    }
  }
}
